
Microsoft Visual Studio Solution File, Format Version 12.00
# Visual Studio Version 16
VisualStudioVersion = 16.0.30104.148
MinimumVisualStudioVersion = 10.0.40219.1
Project("{FAE04EC0-301F-11D3-BF4B-00C04F79EFBC}") = "XML Izvjestaj", "XML Izvjestaj.csproj", "{AE90CFAA-3F3D-4A93-8D64-C0C3326775FD}"
EndProject
Global
	GlobalSection(SolutionConfigurationPlatforms) = preSolution
		Debug|Any CPU = Debug|Any CPU
		Release|Any CPU = Release|Any CPU
	EndGlobalSection
	GlobalSection(ProjectConfigurationPlatforms) = postSolution
		{AE90CFAA-3F3D-4A93-8D64-C0C3326775FD}.Debug|Any CPU.ActiveCfg = Debug|Any CPU
		{AE90CFAA-3F3D-4A93-8D64-C0C3326775FD}.Debug|Any CPU.Build.0 = Debug|Any CPU
		{AE90CFAA-3F3D-4A93-8D64-C0C3326775FD}.Release|Any CPU.ActiveCfg = Release|Any CPU
		{AE90CFAA-3F3D-4A93-8D64-C0C3326775FD}.Release|Any CPU.Build.0 = Release|Any CPU
	EndGlobalSection
	GlobalSection(SolutionProperties) = preSolution
		HideSolutionNode = FALSE
	EndGlobalSection
	GlobalSection(ExtensibilityGlobals) = postSolution
		SolutionGuid = {D8193B04-1971-4B1A-9149-F1B18E8D0473}
	EndGlobalSection
EndGlobal
